// !$*UTF8*$!
{
	archiveVersion = 1;
	classes = {
	};
	objectVersion = 46;
	objects = {

/* Begin PBXBuildFile section */
		7249448BF5FD100A3B345348 /* libPods-EttFrameWorkSample.a in Frameworks */ = {isa = PBXBuildFile; fileRef = 46D798A067B49DF933187EDB /* libPods-EttFrameWorkSample.a */; };
		DF58BC181ADE7AC000444315 /* main.m in Sources */ = {isa = PBXBuildFile; fileRef = DF58BC171ADE7AC000444315 /* main.m */; };
		DF58BC1B1ADE7AC000444315 /* AppDelegate.m in Sources */ = {isa = PBXBuildFile; fileRef = DF58BC1A1ADE7AC000444315 /* AppDelegate.m */; };
		DF58BC1E1ADE7AC000444315 /* ViewController.m in Sources */ = {isa = PBXBuildFile; fileRef = DF58BC1D1ADE7AC000444315 /* ViewController.m */; };
		DF58BC211ADE7AC000444315 /* Main.storyboard in Resources */ = {isa = PBXBuildFile; fileRef = DF58BC1F1ADE7AC000444315 /* Main.storyboard */; };
		DF58BC231ADE7AC000444315 /* Images.xcassets in Resources */ = {isa = PBXBuildFile; fileRef = DF58BC221ADE7AC000444315 /* Images.xcassets */; };
		DF58BC261ADE7AC000444315 /* LaunchScreen.xib in Resources */ = {isa = PBXBuildFile; fileRef = DF58BC241ADE7AC000444315 /* LaunchScreen.xib */; };
		DF58BD611ADE7C5A00444315 /* EttBaseDetailViewController.m in Sources */ = {isa = PBXBuildFile; fileRef = DF58BD5E1ADE7C5A00444315 /* EttBaseDetailViewController.m */; };
		DF58BD621ADE7C5A00444315 /* EttBaseViewController.m in Sources */ = {isa = PBXBuildFile; fileRef = DF58BD601ADE7C5A00444315 /* EttBaseViewController.m */; };
/* End PBXBuildFile section */

/* Begin PBXFileReference section */
		1136400638B347B58E750280 /* Pods-EttFrameWorkSample.debug.xcconfig */ = {isa = PBXFileReference; includeInIndex = 1; lastKnownFileType = text.xcconfig; name = "Pods-EttFrameWorkSample.debug.xcconfig"; path = "Pods/Target Support Files/Pods-EttFrameWorkSample/Pods-EttFrameWorkSample.debug.xcconfig"; sourceTree = "<group>"; };
		46D798A067B49DF933187EDB /* libPods-EttFrameWorkSample.a */ = {isa = PBXFileReference; explicitFileType = archive.ar; includeInIndex = 0; path = "libPods-EttFrameWorkSample.a"; sourceTree = BUILT_PRODUCTS_DIR; };
		959C98B9C7F3F96E3EBC260E /* Pods-EttFrameWork.release.xcconfig */ = {isa = PBXFileReference; includeInIndex = 1; lastKnownFileType = text.xcconfig; name = "Pods-EttFrameWork.release.xcconfig"; path = "Pods/Target Support Files/Pods-EttFrameWork/Pods-EttFrameWork.release.xcconfig"; sourceTree = "<group>"; };
		BFD7D137BE14E552574AE7E9 /* Pods-EttFrameWork.debug.xcconfig */ = {isa = PBXFileReference; includeInIndex = 1; lastKnownFileType = text.xcconfig; name = "Pods-EttFrameWork.debug.xcconfig"; path = "Pods/Target Support Files/Pods-EttFrameWork/Pods-EttFrameWork.debug.xcconfig"; sourceTree = "<group>"; };
		D102A2542AD0C192F23E3C12 /* Pods-EttFrameWorkSample.release.xcconfig */ = {isa = PBXFileReference; includeInIndex = 1; lastKnownFileType = text.xcconfig; name = "Pods-EttFrameWorkSample.release.xcconfig"; path = "Pods/Target Support Files/Pods-EttFrameWorkSample/Pods-EttFrameWorkSample.release.xcconfig"; sourceTree = "<group>"; };
		DF58BC131ADE7AC000444315 /* EttFrameWorkSample.app */ = {isa = PBXFileReference; explicitFileType = wrapper.application; includeInIndex = 0; path = EttFrameWorkSample.app; sourceTree = BUILT_PRODUCTS_DIR; };
		DF58BC161ADE7AC000444315 /* Info.plist */ = {isa = PBXFileReference; lastKnownFileType = text.plist.xml; path = Info.plist; sourceTree = "<group>"; };
		DF58BC171ADE7AC000444315 /* main.m */ = {isa = PBXFileReference; lastKnownFileType = sourcecode.c.objc; path = main.m; sourceTree = "<group>"; };
		DF58BC191ADE7AC000444315 /* AppDelegate.h */ = {isa = PBXFileReference; lastKnownFileType = sourcecode.c.h; path = AppDelegate.h; sourceTree = "<group>"; };
		DF58BC1A1ADE7AC000444315 /* AppDelegate.m */ = {isa = PBXFileReference; lastKnownFileType = sourcecode.c.objc; path = AppDelegate.m; sourceTree = "<group>"; };
		DF58BC1C1ADE7AC000444315 /* ViewController.h */ = {isa = PBXFileReference; lastKnownFileType = sourcecode.c.h; path = ViewController.h; sourceTree = "<group>"; };
		DF58BC1D1ADE7AC000444315 /* ViewController.m */ = {isa = PBXFileReference; lastKnownFileType = sourcecode.c.objc; path = ViewController.m; sourceTree = "<group>"; };
		DF58BC201ADE7AC000444315 /* Base */ = {isa = PBXFileReference; lastKnownFileType = file.storyboard; name = Base; path = Base.lproj/Main.storyboard; sourceTree = "<group>"; };
		DF58BC221ADE7AC000444315 /* Images.xcassets */ = {isa = PBXFileReference; lastKnownFileType = folder.assetcatalog; path = Images.xcassets; sourceTree = "<group>"; };
		DF58BC251ADE7AC000444315 /* Base */ = {isa = PBXFileReference; lastKnownFileType = file.xib; name = Base; path = Base.lproj/LaunchScreen.xib; sourceTree = "<group>"; };
		DF58BC301ADE7AC000444315 /* Info.plist */ = {isa = PBXFileReference; lastKnownFileType = text.plist.xml; path = Info.plist; sourceTree = "<group>"; };
		DF58BC311ADE7AC000444315 /* EttFrameWorkSampleTests.m */ = {isa = PBXFileReference; lastKnownFileType = sourcecode.c.objc; path = EttFrameWorkSampleTests.m; sourceTree = "<group>"; };
		DF58BC3C1ADE7B9000444315 /* NSString+DES.h */ = {isa = PBXFileReference; fileEncoding = 4; lastKnownFileType = sourcecode.c.h; path = "NSString+DES.h"; sourceTree = "<group>"; };
		DF58BC3D1ADE7B9000444315 /* NSString+DES.m */ = {isa = PBXFileReference; fileEncoding = 4; lastKnownFileType = sourcecode.c.objc; path = "NSString+DES.m"; sourceTree = "<group>"; };
		DF58BC3E1ADE7B9000444315 /* EttCommon.h */ = {isa = PBXFileReference; fileEncoding = 4; lastKnownFileType = sourcecode.c.h; path = EttCommon.h; sourceTree = "<group>"; };
		DF58BC3F1ADE7B9000444315 /* EttDefine.h */ = {isa = PBXFileReference; fileEncoding = 4; lastKnownFileType = sourcecode.c.h; path = EttDefine.h; sourceTree = "<group>"; };
		DF58BC401ADE7B9000444315 /* EttProDefine.h */ = {isa = PBXFileReference; fileEncoding = 4; lastKnownFileType = sourcecode.c.h; path = EttProDefine.h; sourceTree = "<group>"; };
		DF58BC411ADE7B9000444315 /* EttUtils.h */ = {isa = PBXFileReference; fileEncoding = 4; lastKnownFileType = sourcecode.c.h; path = EttUtils.h; sourceTree = "<group>"; };
		DF58BC421ADE7B9000444315 /* EttUtils.m */ = {isa = PBXFileReference; fileEncoding = 4; lastKnownFileType = sourcecode.c.objc; path = EttUtils.m; sourceTree = "<group>"; };
		DF58BC441ADE7B9000444315 /* EttDeviceUtil.h */ = {isa = PBXFileReference; fileEncoding = 4; lastKnownFileType = sourcecode.c.h; path = EttDeviceUtil.h; sourceTree = "<group>"; };
		DF58BC451ADE7B9000444315 /* EttDeviceUtil.m */ = {isa = PBXFileReference; fileEncoding = 4; lastKnownFileType = sourcecode.c.objc; path = EttDeviceUtil.m; sourceTree = "<group>"; };
		DF58BC461ADE7B9000444315 /* EttFileUtil.h */ = {isa = PBXFileReference; fileEncoding = 4; lastKnownFileType = sourcecode.c.h; path = EttFileUtil.h; sourceTree = "<group>"; };
		DF58BC471ADE7B9000444315 /* EttFileUtil.m */ = {isa = PBXFileReference; fileEncoding = 4; lastKnownFileType = sourcecode.c.objc; path = EttFileUtil.m; sourceTree = "<group>"; };
		DF58BC481ADE7B9000444315 /* EttImageUtil.h */ = {isa = PBXFileReference; fileEncoding = 4; lastKnownFileType = sourcecode.c.h; path = EttImageUtil.h; sourceTree = "<group>"; };
		DF58BC491ADE7B9000444315 /* EttImageUtil.m */ = {isa = PBXFileReference; fileEncoding = 4; lastKnownFileType = sourcecode.c.objc; path = EttImageUtil.m; sourceTree = "<group>"; };
		DF58BC4A1ADE7B9000444315 /* EttSecurityUtil.h */ = {isa = PBXFileReference; fileEncoding = 4; lastKnownFileType = sourcecode.c.h; path = EttSecurityUtil.h; sourceTree = "<group>"; };
		DF58BC4B1ADE7B9000444315 /* EttSecurityUtil.m */ = {isa = PBXFileReference; fileEncoding = 4; lastKnownFileType = sourcecode.c.objc; path = EttSecurityUtil.m; sourceTree = "<group>"; };
		DF58BC4C1ADE7B9000444315 /* EttUserDefaultUtil.h */ = {isa = PBXFileReference; fileEncoding = 4; lastKnownFileType = sourcecode.c.h; path = EttUserDefaultUtil.h; sourceTree = "<group>"; };
		DF58BC4D1ADE7B9000444315 /* EttUserDefaultUtil.m */ = {isa = PBXFileReference; fileEncoding = 4; lastKnownFileType = sourcecode.c.objc; path = EttUserDefaultUtil.m; sourceTree = "<group>"; };
		DF58BC501ADE7B9000444315 /* EttModelUtils.h */ = {isa = PBXFileReference; fileEncoding = 4; lastKnownFileType = sourcecode.c.h; path = EttModelUtils.h; sourceTree = "<group>"; };
		DF58BC511ADE7B9000444315 /* EttModelUtils.m */ = {isa = PBXFileReference; fileEncoding = 4; lastKnownFileType = sourcecode.c.objc; path = EttModelUtils.m; sourceTree = "<group>"; };
		DF58BC531ADE7B9000444315 /* EttHttpManager.h */ = {isa = PBXFileReference; fileEncoding = 4; lastKnownFileType = sourcecode.c.h; path = EttHttpManager.h; sourceTree = "<group>"; };
		DF58BC541ADE7B9000444315 /* EttHttpManager.m */ = {isa = PBXFileReference; fileEncoding = 4; lastKnownFileType = sourcecode.c.objc; path = EttHttpManager.m; sourceTree = "<group>"; };
		DF58BC551ADE7B9000444315 /* EttNet.h */ = {isa = PBXFileReference; fileEncoding = 4; lastKnownFileType = sourcecode.c.h; path = EttNet.h; sourceTree = "<group>"; };
		DF58BC581ADE7B9000444315 /* backButton_h.png */ = {isa = PBXFileReference; lastKnownFileType = image.png; path = backButton_h.png; sourceTree = "<group>"; };
		DF58BC591ADE7B9000444315 /* backButton_n.png */ = {isa = PBXFileReference; lastKnownFileType = image.png; path = backButton_n.png; sourceTree = "<group>"; };
		DF58BC5A1ADE7B9000444315 /* edt_alarm_selected.png */ = {isa = PBXFileReference; lastKnownFileType = image.png; path = edt_alarm_selected.png; sourceTree = "<group>"; };
		DF58BC5B1ADE7B9000444315 /* LYAlbumItem.h */ = {isa = PBXFileReference; fileEncoding = 4; lastKnownFileType = sourcecode.c.h; path = LYAlbumItem.h; sourceTree = "<group>"; };
		DF58BC5C1ADE7B9000444315 /* LYAlbumItem.m */ = {isa = PBXFileReference; fileEncoding = 4; lastKnownFileType = sourcecode.c.objc; path = LYAlbumItem.m; sourceTree = "<group>"; };
		DF58BC5D1ADE7B9000444315 /* LYImagePickerViewController.h */ = {isa = PBXFileReference; fileEncoding = 4; lastKnownFileType = sourcecode.c.h; path = LYImagePickerViewController.h; sourceTree = "<group>"; };
		DF58BC5E1ADE7B9000444315 /* LYImagePickerViewController.m */ = {isa = PBXFileReference; fileEncoding = 4; lastKnownFileType = sourcecode.c.objc; path = LYImagePickerViewController.m; sourceTree = "<group>"; };
		DF58BC5F1ADE7B9000444315 /* LYPhotoCell.h */ = {isa = PBXFileReference; fileEncoding = 4; lastKnownFileType = sourcecode.c.h; path = LYPhotoCell.h; sourceTree = "<group>"; };
		DF58BC601ADE7B9000444315 /* LYPhotoCell.m */ = {isa = PBXFileReference; fileEncoding = 4; lastKnownFileType = sourcecode.c.objc; path = LYPhotoCell.m; sourceTree = "<group>"; };
		DF58BC611ADE7B9000444315 /* LYPhotoItem.h */ = {isa = PBXFileReference; fileEncoding = 4; lastKnownFileType = sourcecode.c.h; path = LYPhotoItem.h; sourceTree = "<group>"; };
		DF58BC621ADE7B9000444315 /* LYPhotoItem.m */ = {isa = PBXFileReference; fileEncoding = 4; lastKnownFileType = sourcecode.c.objc; path = LYPhotoItem.m; sourceTree = "<group>"; };
		DF58BC631ADE7B9000444315 /* LYPhotosViewController.h */ = {isa = PBXFileReference; fileEncoding = 4; lastKnownFileType = sourcecode.c.h; path = LYPhotosViewController.h; sourceTree = "<group>"; };
		DF58BC641ADE7B9000444315 /* LYPhotosViewController.m */ = {isa = PBXFileReference; fileEncoding = 4; lastKnownFileType = sourcecode.c.objc; path = LYPhotosViewController.m; sourceTree = "<group>"; };
		DF58BC661ADE7B9000444315 /* NSDate+TimeAgo.h */ = {isa = PBXFileReference; fileEncoding = 4; lastKnownFileType = sourcecode.c.h; path = "NSDate+TimeAgo.h"; sourceTree = "<group>"; };
		DF58BC671ADE7B9000444315 /* NSDate+TimeAgo.m */ = {isa = PBXFileReference; fileEncoding = 4; lastKnownFileType = sourcecode.c.objc; path = "NSDate+TimeAgo.m"; sourceTree = "<group>"; };
		DF58BC681ADE7B9000444315 /* NSDateTimeAgo.bundle */ = {isa = PBXFileReference; lastKnownFileType = "wrapper.plug-in"; path = NSDateTimeAgo.bundle; sourceTree = "<group>"; };
		DF58BC6B1ADE7B9000444315 /* Emotion.plist */ = {isa = PBXFileReference; fileEncoding = 4; lastKnownFileType = text.plist.xml; path = Emotion.plist; sourceTree = "<group>"; };
		DF58BC6D1ADE7B9000444315 /* [ok].png */ = {isa = PBXFileReference; lastKnownFileType = image.png; path = "[ok].png"; sourceTree = "<group>"; };
		DF58BC6E1ADE7B9000444315 /* [ok]@2x.png */ = {isa = PBXFileReference; lastKnownFileType = image.png; path = "[ok]@2x.png"; sourceTree = "<group>"; };
		DF58BC6F1ADE7B9000444315 /* [亲亲].png */ = {isa = PBXFileReference; lastKnownFileType = image.png; path = "[亲亲].png"; sourceTree = "<group>"; };
		DF58BC701ADE7B9000444315 /* [亲亲]@2x.png */ = {isa = PBXFileReference; lastKnownFileType = image.png; path = "[亲亲]@2x.png"; sourceTree = "<group>"; };
		DF58BC711ADE7B9000444315 /* [傲慢].png */ = {isa = PBXFileReference; lastKnownFileType = image.png; path = "[傲慢].png"; sourceTree = "<group>"; };
		DF58BC721ADE7B9000444315 /* [傲慢]@2x.png */ = {isa = PBXFileReference; lastKnownFileType = image.png; path = "[傲慢]@2x.png"; sourceTree = "<group>"; };
		DF58BC731ADE7B9000444315 /* [兴奋].png */ = {isa = PBXFileReference; lastKnownFileType = image.png; path = "[兴奋].png"; sourceTree = "<group>"; };
		DF58BC741ADE7B9000444315 /* [兴奋]@2x.png */ = {isa = PBXFileReference; lastKnownFileType = image.png; path = "[兴奋]@2x.png"; sourceTree = "<group>"; };
		DF58BC751ADE7B9000444315 /* [再见].png */ = {isa = PBXFileReference; lastKnownFileType = image.png; path = "[再见].png"; sourceTree = "<group>"; };
		DF58BC761ADE7B9000444315 /* [再见]@2x.png */ = {isa = PBXFileReference; lastKnownFileType = image.png; path = "[再见]@2x.png"; sourceTree = "<group>"; };
		DF58BC771ADE7B9000444315 /* [剪刀手].png */ = {isa = PBXFileReference; lastKnownFileType = image.png; path = "[剪刀手].png"; sourceTree = "<group>"; };
		DF58BC781ADE7B9000444315 /* [剪刀手]@2x.png */ = {isa = PBXFileReference; lastKnownFileType = image.png; path = "[剪刀手]@2x.png"; sourceTree = "<group>"; };
		DF58BC791ADE7B9000444315 /* [卖萌].png */ = {isa = PBXFileReference; lastKnownFileType = image.png; path = "[卖萌].png"; sourceTree = "<group>"; };
		DF58BC7A1ADE7B9000444315 /* [卖萌]@2x.png */ = {isa = PBXFileReference; lastKnownFileType = image.png; path = "[卖萌]@2x.png"; sourceTree = "<group>"; };
		DF58BC7B1ADE7B9000444315 /* [可爱].png */ = {isa = PBXFileReference; lastKnownFileType = image.png; path = "[可爱].png"; sourceTree = "<group>"; };
		DF58BC7C1ADE7B9000444315 /* [可爱]@2x.png */ = {isa = PBXFileReference; lastKnownFileType = image.png; path = "[可爱]@2x.png"; sourceTree = "<group>"; };
		DF58BC7D1ADE7B9000444315 /* [呲牙].png */ = {isa = PBXFileReference; lastKnownFileType = image.png; path = "[呲牙].png"; sourceTree = "<group>"; };
		DF58BC7E1ADE7B9000444315 /* [呲牙]@2x.png */ = {isa = PBXFileReference; lastKnownFileType = image.png; path = "[呲牙]@2x.png"; sourceTree = "<group>"; };
		DF58BC7F1ADE7B9000444315 /* [嘚瑟].png */ = {isa = PBXFileReference; lastKnownFileType = image.png; path = "[嘚瑟].png"; sourceTree = "<group>"; };
		DF58BC801ADE7B9000444315 /* [嘚瑟]@2x.png */ = {isa = PBXFileReference; lastKnownFileType = image.png; path = "[嘚瑟]@2x.png"; sourceTree = "<group>"; };
		DF58BC811ADE7B9000444315 /* [囧].png */ = {isa = PBXFileReference; lastKnownFileType = image.png; path = "[囧].png"; sourceTree = "<group>"; };
		DF58BC821ADE7B9000444315 /* [囧]@2x.png */ = {isa = PBXFileReference; lastKnownFileType = image.png; path = "[囧]@2x.png"; sourceTree = "<group>"; };
		DF58BC831ADE7B9000444315 /* [坏笑].png */ = {isa = PBXFileReference; lastKnownFileType = image.png; path = "[坏笑].png"; sourceTree = "<group>"; };
		DF58BC841ADE7B9000444315 /* [坏笑]@2x.png */ = {isa = PBXFileReference; lastKnownFileType = image.png; path = "[坏笑]@2x.png"; sourceTree = "<group>"; };
		DF58BC851ADE7B9000444315 /* [大哭].png */ = {isa = PBXFileReference; lastKnownFileType = image.png; path = "[大哭].png"; sourceTree = "<group>"; };
		DF58BC861ADE7B9000444315 /* [大哭]@2x.png */ = {isa = PBXFileReference; lastKnownFileType = image.png; path = "[大哭]@2x.png"; sourceTree = "<group>"; };
		DF58BC871ADE7B9000444315 /* [大笑].png */ = {isa = PBXFileReference; lastKnownFileType = image.png; path = "[大笑].png"; sourceTree = "<group>"; };
		DF58BC881ADE7B9100444315 /* [大笑]@2x.png */ = {isa = PBXFileReference; lastKnownFileType = image.png; path = "[大笑]@2x.png"; sourceTree = "<group>"; };
		DF58BC891ADE7B9100444315 /* [委屈].png */ = {isa = PBXFileReference; lastKnownFileType = image.png; path = "[委屈].png"; sourceTree = "<group>"; };
		DF58BC8A1ADE7B9100444315 /* [委屈]@2x.png */ = {isa = PBXFileReference; lastKnownFileType = image.png; path = "[委屈]@2x.png"; sourceTree = "<group>"; };
		DF58BC8B1ADE7B9100444315 /* [害羞].png */ = {isa = PBXFileReference; lastKnownFileType = image.png; path = "[害羞].png"; sourceTree = "<group>"; };
		DF58BC8C1ADE7B9100444315 /* [害羞]@2x.png */ = {isa = PBXFileReference; lastKnownFileType = image.png; path = "[害羞]@2x.png"; sourceTree = "<group>"; };
		DF58BC8D1ADE7B9100444315 /* [打招呼].png */ = {isa = PBXFileReference; lastKnownFileType = image.png; path = "[打招呼].png"; sourceTree = "<group>"; };
		DF58BC8E1ADE7B9100444315 /* [打招呼]@2x.png */ = {isa = PBXFileReference; lastKnownFileType = image.png; path = "[打招呼]@2x.png"; sourceTree = "<group>"; };
		DF58BC8F1ADE7B9100444315 /* [折磨].png */ = {isa = PBXFileReference; lastKnownFileType = image.png; path = "[折磨].png"; sourceTree = "<group>"; };
		DF58BC901ADE7B9100444315 /* [折磨]@2x.png */ = {isa = PBXFileReference; lastKnownFileType = image.png; path = "[折磨]@2x.png"; sourceTree = "<group>"; };
		DF58BC911ADE7B9100444315 /* [汗].png */ = {isa = PBXFileReference; lastKnownFileType = image.png; path = "[汗].png"; sourceTree = "<group>"; };
		DF58BC921ADE7B9100444315 /* [汗]@2x.png */ = {isa = PBXFileReference; lastKnownFileType = image.png; path = "[汗]@2x.png"; sourceTree = "<group>"; };
		DF58BC931ADE7B9100444315 /* [疑问].png */ = {isa = PBXFileReference; lastKnownFileType = image.png; path = "[疑问].png"; sourceTree = "<group>"; };
		DF58BC941ADE7B9100444315 /* [疑问]@2x.png */ = {isa = PBXFileReference; lastKnownFileType = image.png; path = "[疑问]@2x.png"; sourceTree = "<group>"; };
		DF58BC951ADE7B9100444315 /* [眨眼].png */ = {isa = PBXFileReference; lastKnownFileType = image.png; path = "[眨眼].png"; sourceTree = "<group>"; };
		DF58BC961ADE7B9100444315 /* [眨眼]@2x.png */ = {isa = PBXFileReference; lastKnownFileType = image.png; path = "[眨眼]@2x.png"; sourceTree = "<group>"; };
		DF58BC971ADE7B9100444315 /* [祈祷].png */ = {isa = PBXFileReference; lastKnownFileType = image.png; path = "[祈祷].png"; sourceTree = "<group>"; };
		DF58BC981ADE7B9100444315 /* [祈祷]@2x.png */ = {isa = PBXFileReference; lastKnownFileType = image.png; path = "[祈祷]@2x.png"; sourceTree = "<group>"; };
		DF58BC991ADE7B9100444315 /* [纠结].png */ = {isa = PBXFileReference; lastKnownFileType = image.png; path = "[纠结].png"; sourceTree = "<group>"; };
		DF58BC9A1ADE7B9100444315 /* [纠结]@2x.png */ = {isa = PBXFileReference; lastKnownFileType = image.png; path = "[纠结]@2x.png"; sourceTree = "<group>"; };
		DF58BC9B1ADE7B9100444315 /* [色].png */ = {isa = PBXFileReference; lastKnownFileType = image.png; path = "[色].png"; sourceTree = "<group>"; };
		DF58BC9C1ADE7B9100444315 /* [色]@2x.png */ = {isa = PBXFileReference; lastKnownFileType = image.png; path = "[色]@2x.png"; sourceTree = "<group>"; };
		DF58BC9D1ADE7B9100444315 /* [调皮].png */ = {isa = PBXFileReference; lastKnownFileType = image.png; path = "[调皮].png"; sourceTree = "<group>"; };
		DF58BC9E1ADE7B9100444315 /* [调皮]@2x.png */ = {isa = PBXFileReference; lastKnownFileType = image.png; path = "[调皮]@2x.png"; sourceTree = "<group>"; };
		DF58BC9F1ADE7B9100444315 /* [酷].png */ = {isa = PBXFileReference; lastKnownFileType = image.png; path = "[酷].png"; sourceTree = "<group>"; };
		DF58BCA01ADE7B9100444315 /* [酷]@2x.png */ = {isa = PBXFileReference; lastKnownFileType = image.png; path = "[酷]@2x.png"; sourceTree = "<group>"; };
		DF58BCA11ADE7B9100444315 /* [难受].png */ = {isa = PBXFileReference; lastKnownFileType = image.png; path = "[难受].png"; sourceTree = "<group>"; };
		DF58BCA21ADE7B9100444315 /* [难受]@2x.png */ = {isa = PBXFileReference; lastKnownFileType = image.png; path = "[难受]@2x.png"; sourceTree = "<group>"; };
		DF58BCA31ADE7B9100444315 /* chatDetail_emotionDelete.png */ = {isa = PBXFileReference; lastKnownFileType = image.png; path = chatDetail_emotionDelete.png; sourceTree = "<group>"; };
		DF58BCA41ADE7B9100444315 /* chatDetail_emotionDelete@2x.png */ = {isa = PBXFileReference; lastKnownFileType = image.png; path = "chatDetail_emotionDelete@2x.png"; sourceTree = "<group>"; };
		DF58BCA51ADE7B9100444315 /* chatDetail_emotionDelete_h.png */ = {isa = PBXFileReference; lastKnownFileType = image.png; path = chatDetail_emotionDelete_h.png; sourceTree = "<group>"; };
		DF58BCA61ADE7B9100444315 /* chatDetail_emotionDelete_h@2x.png */ = {isa = PBXFileReference; lastKnownFileType = image.png; path = "chatDetail_emotionDelete_h@2x.png"; sourceTree = "<group>"; };
		DF58BCA71ADE7B9100444315 /* dele.png */ = {isa = PBXFileReference; lastKnownFileType = image.png; path = dele.png; sourceTree = "<group>"; };
		DF58BCA81ADE7B9100444315 /* postCommentEmotion@2x.png */ = {isa = PBXFileReference; lastKnownFileType = image.png; path = "postCommentEmotion@2x.png"; sourceTree = "<group>"; };
		DF58BCA91ADE7B9100444315 /* postCommentEmotion@3x.png */ = {isa = PBXFileReference; lastKnownFileType = image.png; path = "postCommentEmotion@3x.png"; sourceTree = "<group>"; };
		DF58BCAA1ADE7B9100444315 /* TQRichTextBaseRun.h */ = {isa = PBXFileReference; fileEncoding = 4; lastKnownFileType = sourcecode.c.h; path = TQRichTextBaseRun.h; sourceTree = "<group>"; };
		DF58BCAB1ADE7B9100444315 /* TQRichTextBaseRun.m */ = {isa = PBXFileReference; fileEncoding = 4; lastKnownFileType = sourcecode.c.objc; path = TQRichTextBaseRun.m; sourceTree = "<group>"; };
		DF58BCAC1ADE7B9100444315 /* TQRichTextEmojiRun.h */ = {isa = PBXFileReference; fileEncoding = 4; lastKnownFileType = sourcecode.c.h; path = TQRichTextEmojiRun.h; sourceTree = "<group>"; };
		DF58BCAD1ADE7B9100444315 /* TQRichTextEmojiRun.m */ = {isa = PBXFileReference; fileEncoding = 4; lastKnownFileType = sourcecode.c.objc; path = TQRichTextEmojiRun.m; sourceTree = "<group>"; };
		DF58BCAE1ADE7B9100444315 /* TQRichTextImageRun.h */ = {isa = PBXFileReference; fileEncoding = 4; lastKnownFileType = sourcecode.c.h; path = TQRichTextImageRun.h; sourceTree = "<group>"; };
		DF58BCAF1ADE7B9100444315 /* TQRichTextImageRun.m */ = {isa = PBXFileReference; fileEncoding = 4; lastKnownFileType = sourcecode.c.objc; path = TQRichTextImageRun.m; sourceTree = "<group>"; };
		DF58BCB01ADE7B9100444315 /* TQRichTextURLRun.h */ = {isa = PBXFileReference; fileEncoding = 4; lastKnownFileType = sourcecode.c.h; path = TQRichTextURLRun.h; sourceTree = "<group>"; };
		DF58BCB11ADE7B9100444315 /* TQRichTextURLRun.m */ = {isa = PBXFileReference; fileEncoding = 4; lastKnownFileType = sourcecode.c.objc; path = TQRichTextURLRun.m; sourceTree = "<group>"; };
		DF58BCB21ADE7B9100444315 /* TQRichTextView.h */ = {isa = PBXFileReference; fileEncoding = 4; lastKnownFileType = sourcecode.c.h; path = TQRichTextView.h; sourceTree = "<group>"; };
		DF58BCB31ADE7B9100444315 /* TQRichTextView.m */ = {isa = PBXFileReference; fileEncoding = 4; lastKnownFileType = sourcecode.c.objc; path = TQRichTextView.m; sourceTree = "<group>"; };
		DF58BCB71ADE7B9100444315 /* NSData+Extension.h */ = {isa = PBXFileReference; fileEncoding = 4; lastKnownFileType = sourcecode.c.h; path = "NSData+Extension.h"; sourceTree = "<group>"; };
		DF58BCB81ADE7B9100444315 /* NSData+Extension.m */ = {isa = PBXFileReference; fileEncoding = 4; lastKnownFileType = sourcecode.c.objc; path = "NSData+Extension.m"; sourceTree = "<group>"; };
		DF58BCB91ADE7B9100444315 /* NSDate+Extension.h */ = {isa = PBXFileReference; fileEncoding = 4; lastKnownFileType = sourcecode.c.h; path = "NSDate+Extension.h"; sourceTree = "<group>"; };
		DF58BCBA1ADE7B9100444315 /* NSDate+Extension.m */ = {isa = PBXFileReference; fileEncoding = 4; lastKnownFileType = sourcecode.c.objc; path = "NSDate+Extension.m"; sourceTree = "<group>"; };
		DF58BCBB1ADE7B9100444315 /* NSJSONSerialization+Extension.h */ = {isa = PBXFileReference; fileEncoding = 4; lastKnownFileType = sourcecode.c.h; path = "NSJSONSerialization+Extension.h"; sourceTree = "<group>"; };
		DF58BCBC1ADE7B9100444315 /* NSJSONSerialization+Extension.m */ = {isa = PBXFileReference; fileEncoding = 4; lastKnownFileType = sourcecode.c.objc; path = "NSJSONSerialization+Extension.m"; sourceTree = "<group>"; };
		DF58BCBD1ADE7B9100444315 /* NSString+Extension.h */ = {isa = PBXFileReference; fileEncoding = 4; lastKnownFileType = sourcecode.c.h; path = "NSString+Extension.h"; sourceTree = "<group>"; };
		DF58BCBE1ADE7B9100444315 /* NSString+Extension.m */ = {isa = PBXFileReference; fileEncoding = 4; lastKnownFileType = sourcecode.c.objc; path = "NSString+Extension.m"; sourceTree = "<group>"; };
		DF58BCBF1ADE7B9100444315 /* NSTimer+Extension.h */ = {isa = PBXFileReference; fileEncoding = 4; lastKnownFileType = sourcecode.c.h; path = "NSTimer+Extension.h"; sourceTree = "<group>"; };
		DF58BCC01ADE7B9100444315 /* NSTimer+Extension.m */ = {isa = PBXFileReference; fileEncoding = 4; lastKnownFileType = sourcecode.c.objc; path = "NSTimer+Extension.m"; sourceTree = "<group>"; };
		DF58BCC11ADE7B9100444315 /* UIAlertView+Extension.h */ = {isa = PBXFileReference; fileEncoding = 4; lastKnownFileType = sourcecode.c.h; path = "UIAlertView+Extension.h"; sourceTree = "<group>"; };
		DF58BCC21ADE7B9100444315 /* UIAlertView+Extension.m */ = {isa = PBXFileReference; fileEncoding = 4; lastKnownFileType = sourcecode.c.objc; path = "UIAlertView+Extension.m"; sourceTree = "<group>"; };
		DF58BCC31ADE7B9100444315 /* UIButton+FillColor.h */ = {isa = PBXFileReference; fileEncoding = 4; lastKnownFileType = sourcecode.c.h; path = "UIButton+FillColor.h"; sourceTree = "<group>"; };
		DF58BCC41ADE7B9100444315 /* UIButton+FillColor.m */ = {isa = PBXFileReference; fileEncoding = 4; lastKnownFileType = sourcecode.c.objc; path = "UIButton+FillColor.m"; sourceTree = "<group>"; };
		DF58BCC51ADE7B9100444315 /* UIFont+Extension.h */ = {isa = PBXFileReference; fileEncoding = 4; lastKnownFileType = sourcecode.c.h; path = "UIFont+Extension.h"; sourceTree = "<group>"; };
		DF58BCC61ADE7B9100444315 /* UIFont+Extension.m */ = {isa = PBXFileReference; fileEncoding = 4; lastKnownFileType = sourcecode.c.objc; path = "UIFont+Extension.m"; sourceTree = "<group>"; };
		DF58BCC71ADE7B9100444315 /* UINavigationController+Rotate.h */ = {isa = PBXFileReference; fileEncoding = 4; lastKnownFileType = sourcecode.c.h; path = "UINavigationController+Rotate.h"; sourceTree = "<group>"; };
		DF58BCC81ADE7B9100444315 /* UINavigationController+Rotate.m */ = {isa = PBXFileReference; fileEncoding = 4; lastKnownFileType = sourcecode.c.objc; path = "UINavigationController+Rotate.m"; sourceTree = "<group>"; };
		DF58BCC91ADE7B9100444315 /* UITabBarController+Rotate.h */ = {isa = PBXFileReference; fileEncoding = 4; lastKnownFileType = sourcecode.c.h; path = "UITabBarController+Rotate.h"; sourceTree = "<group>"; };
		DF58BCCA1ADE7B9100444315 /* UITabBarController+Rotate.m */ = {isa = PBXFileReference; fileEncoding = 4; lastKnownFileType = sourcecode.c.objc; path = "UITabBarController+Rotate.m"; sourceTree = "<group>"; };
		DF58BCCB1ADE7B9100444315 /* UIView+Helper.h */ = {isa = PBXFileReference; fileEncoding = 4; lastKnownFileType = sourcecode.c.h; path = "UIView+Helper.h"; sourceTree = "<group>"; };
		DF58BCCC1ADE7B9100444315 /* UIView+Helper.m */ = {isa = PBXFileReference; fileEncoding = 4; lastKnownFileType = sourcecode.c.objc; path = "UIView+Helper.m"; sourceTree = "<group>"; };
		DF58BCCD1ADE7B9100444315 /* UIViewController+Helper.h */ = {isa = PBXFileReference; fileEncoding = 4; lastKnownFileType = sourcecode.c.h; path = "UIViewController+Helper.h"; sourceTree = "<group>"; };
		DF58BCCE1ADE7B9100444315 /* UIViewController+Helper.m */ = {isa = PBXFileReference; fileEncoding = 4; lastKnownFileType = sourcecode.c.objc; path = "UIViewController+Helper.m"; sourceTree = "<group>"; };
		DF58BCCF1ADE7B9100444315 /* UIWebView+Extension.h */ = {isa = PBXFileReference; fileEncoding = 4; lastKnownFileType = sourcecode.c.h; path = "UIWebView+Extension.h"; sourceTree = "<group>"; };
		DF58BCD01ADE7B9100444315 /* UIWebView+Extension.m */ = {isa = PBXFileReference; fileEncoding = 4; lastKnownFileType = sourcecode.c.objc; path = "UIWebView+Extension.m"; sourceTree = "<group>"; };
		DF58BCD11ADE7B9100444315 /* EasyWork.h */ = {isa = PBXFileReference; fileEncoding = 4; lastKnownFileType = sourcecode.c.h; path = EasyWork.h; sourceTree = "<group>"; };
		DF58BCD31ADE7B9100444315 /* EWFocusView.h */ = {isa = PBXFileReference; fileEncoding = 4; lastKnownFileType = sourcecode.c.h; path = EWFocusView.h; sourceTree = "<group>"; };
		DF58BCD41ADE7B9100444315 /* EWFocusView.m */ = {isa = PBXFileReference; fileEncoding = 4; lastKnownFileType = sourcecode.c.objc; path = EWFocusView.m; sourceTree = "<group>"; };
		DF58BCD51ADE7B9100444315 /* EWLabel.h */ = {isa = PBXFileReference; fileEncoding = 4; lastKnownFileType = sourcecode.c.h; path = EWLabel.h; sourceTree = "<group>"; };
		DF58BCD61ADE7B9100444315 /* EWLabel.m */ = {isa = PBXFileReference; fileEncoding = 4; lastKnownFileType = sourcecode.c.objc; path = EWLabel.m; sourceTree = "<group>"; };
		DF58BCD71ADE7B9100444315 /* EWPhotoViewer.h */ = {isa = PBXFileReference; fileEncoding = 4; lastKnownFileType = sourcecode.c.h; path = EWPhotoViewer.h; sourceTree = "<group>"; };
		DF58BCD81ADE7B9100444315 /* EWPhotoViewer.m */ = {isa = PBXFileReference; fileEncoding = 4; lastKnownFileType = sourcecode.c.objc; path = EWPhotoViewer.m; sourceTree = "<group>"; };
		DF58BCD91ADE7B9100444315 /* EWShareSheet.h */ = {isa = PBXFileReference; fileEncoding = 4; lastKnownFileType = sourcecode.c.h; path = EWShareSheet.h; sourceTree = "<group>"; };
		DF58BCDA1ADE7B9100444315 /* EWShareSheet.m */ = {isa = PBXFileReference; fileEncoding = 4; lastKnownFileType = sourcecode.c.objc; path = EWShareSheet.m; sourceTree = "<group>"; };
		DF58BCDB1ADE7B9100444315 /* EWTextField.h */ = {isa = PBXFileReference; fileEncoding = 4; lastKnownFileType = sourcecode.c.h; path = EWTextField.h; sourceTree = "<group>"; };
		DF58BCDC1ADE7B9100444315 /* EWTextField.m */ = {isa = PBXFileReference; fileEncoding = 4; lastKnownFileType = sourcecode.c.objc; path = EWTextField.m; sourceTree = "<group>"; };
		DF58BCDD1ADE7B9100444315 /* EWVideoPlayer.h */ = {isa = PBXFileReference; fileEncoding = 4; lastKnownFileType = sourcecode.c.h; path = EWVideoPlayer.h; sourceTree = "<group>"; };
		DF58BCDE1ADE7B9100444315 /* EWVideoPlayer.m */ = {isa = PBXFileReference; fileEncoding = 4; lastKnownFileType = sourcecode.c.objc; path = EWVideoPlayer.m; sourceTree = "<group>"; };
		DF58BCDF1ADE7B9100444315 /* VerticallyAlignedLabel.h */ = {isa = PBXFileReference; fileEncoding = 4; lastKnownFileType = sourcecode.c.h; path = VerticallyAlignedLabel.h; sourceTree = "<group>"; };
		DF58BCE01ADE7B9100444315 /* VerticallyAlignedLabel.m */ = {isa = PBXFileReference; fileEncoding = 4; lastKnownFileType = sourcecode.c.objc; path = VerticallyAlignedLabel.m; sourceTree = "<group>"; };
		DF58BCE21ADE7B9100444315 /* ResponseCacheManager.h */ = {isa = PBXFileReference; fileEncoding = 4; lastKnownFileType = sourcecode.c.h; path = ResponseCacheManager.h; sourceTree = "<group>"; };
		DF58BCE31ADE7B9100444315 /* ResponseCacheManager.m */ = {isa = PBXFileReference; fileEncoding = 4; lastKnownFileType = sourcecode.c.objc; path = ResponseCacheManager.m; sourceTree = "<group>"; };
		DF58BCE51ADE7B9100444315 /* ScrollableFullScreenImageView.h */ = {isa = PBXFileReference; fileEncoding = 4; lastKnownFileType = sourcecode.c.h; path = ScrollableFullScreenImageView.h; sourceTree = "<group>"; };
		DF58BCE61ADE7B9100444315 /* ScrollableFullScreenImageView.m */ = {isa = PBXFileReference; fileEncoding = 4; lastKnownFileType = sourcecode.c.objc; path = ScrollableFullScreenImageView.m; sourceTree = "<group>"; };
		DF58BCE71ADE7B9100444315 /* UIImageView+Tools.h */ = {isa = PBXFileReference; fileEncoding = 4; lastKnownFileType = sourcecode.c.h; path = "UIImageView+Tools.h"; sourceTree = "<group>"; };
		DF58BCE81ADE7B9100444315 /* UIImageView+Tools.m */ = {isa = PBXFileReference; fileEncoding = 4; lastKnownFileType = sourcecode.c.objc; path = "UIImageView+Tools.m"; sourceTree = "<group>"; };
		DF58BCE91ADE7B9100444315 /* OurLib.h */ = {isa = PBXFileReference; fileEncoding = 4; lastKnownFileType = sourcecode.c.h; path = OurLib.h; sourceTree = "<group>"; };
		DF58BCEB1ADE7B9100444315 /* EttConstantValue.h */ = {isa = PBXFileReference; fileEncoding = 4; lastKnownFileType = sourcecode.c.h; path = EttConstantValue.h; sourceTree = "<group>"; };
		DF58BCEC1ADE7B9100444315 /* EttValue.h */ = {isa = PBXFileReference; fileEncoding = 4; lastKnownFileType = sourcecode.c.h; path = EttValue.h; sourceTree = "<group>"; };
		DF58BD5A1ADE7BBD00444315 /* EttFrameWork.h */ = {isa = PBXFileReference; lastKnownFileType = sourcecode.c.h; path = EttFrameWork.h; sourceTree = "<group>"; };
		DF58BD5D1ADE7C5A00444315 /* EttBaseDetailViewController.h */ = {isa = PBXFileReference; fileEncoding = 4; lastKnownFileType = sourcecode.c.h; path = EttBaseDetailViewController.h; sourceTree = "<group>"; };
		DF58BD5E1ADE7C5A00444315 /* EttBaseDetailViewController.m */ = {isa = PBXFileReference; fileEncoding = 4; lastKnownFileType = sourcecode.c.objc; path = EttBaseDetailViewController.m; sourceTree = "<group>"; };
		DF58BD5F1ADE7C5A00444315 /* EttBaseViewController.h */ = {isa = PBXFileReference; fileEncoding = 4; lastKnownFileType = sourcecode.c.h; path = EttBaseViewController.h; sourceTree = "<group>"; };
		DF58BD601ADE7C5A00444315 /* EttBaseViewController.m */ = {isa = PBXFileReference; fileEncoding = 4; lastKnownFileType = sourcecode.c.objc; path = EttBaseViewController.m; sourceTree = "<group>"; };
		DF58BD631ADE7C9900444315 /* ProjectPch.pch */ = {isa = PBXFileReference; fileEncoding = 4; lastKnownFileType = sourcecode.c.h; path = ProjectPch.pch; sourceTree = "<group>"; };
		E50F8B60CD98B83D563767DD /* libPods-EttFrameWork.a */ = {isa = PBXFileReference; explicitFileType = archive.ar; includeInIndex = 0; path = "libPods-EttFrameWork.a"; sourceTree = BUILT_PRODUCTS_DIR; };
/* End PBXFileReference section */

/* Begin PBXFrameworksBuildPhase section */
		DF58BC101ADE7AC000444315 /* Frameworks */ = {
			isa = PBXFrameworksBuildPhase;
			buildActionMask = 2147483647;
			files = (
				7249448BF5FD100A3B345348 /* libPods-EttFrameWorkSample.a in Frameworks */,
			);
			runOnlyForDeploymentPostprocessing = 0;
		};
/* End PBXFrameworksBuildPhase section */

/* Begin PBXGroup section */
		07CEE2805FBADD51636C25F7 /* Frameworks */ = {
			isa = PBXGroup;
			children = (
				E50F8B60CD98B83D563767DD /* libPods-EttFrameWork.a */,
				46D798A067B49DF933187EDB /* libPods-EttFrameWorkSample.a */,
			);
			name = Frameworks;
			sourceTree = "<group>";
		};
		252ED9F6B1844FD4438097C6 /* Pods */ = {
			isa = PBXGroup;
			children = (
				BFD7D137BE14E552574AE7E9 /* Pods-EttFrameWork.debug.xcconfig */,
				959C98B9C7F3F96E3EBC260E /* Pods-EttFrameWork.release.xcconfig */,
				1136400638B347B58E750280 /* Pods-EttFrameWorkSample.debug.xcconfig */,
				D102A2542AD0C192F23E3C12 /* Pods-EttFrameWorkSample.release.xcconfig */,
			);
			name = Pods;
			sourceTree = "<group>";
		};
		DF0929AA1AD901AF00F0B788 = {
			isa = PBXGroup;
			children = (
				DF58BC391ADE7B9000444315 /* EttFrameWork */,
				DF58BC141ADE7AC000444315 /* EttFrameWorkSample */,
				DF58BC2E1ADE7AC000444315 /* EttFrameWorkSampleTests */,
				DF0929B41AD901AF00F0B788 /* Products */,
				252ED9F6B1844FD4438097C6 /* Pods */,
				07CEE2805FBADD51636C25F7 /* Frameworks */,
			);
			sourceTree = "<group>";
		};
		DF0929B41AD901AF00F0B788 /* Products */ = {
			isa = PBXGroup;
			children = (
				DF58BC131ADE7AC000444315 /* EttFrameWorkSample.app */,
			);
			name = Products;
			sourceTree = "<group>";
		};
		DF58BC141ADE7AC000444315 /* EttFrameWorkSample */ = {
			isa = PBXGroup;
			children = (
				DF58BD5B1ADE7C5A00444315 /* VC */,
				DF58BC191ADE7AC000444315 /* AppDelegate.h */,
				DF58BC1A1ADE7AC000444315 /* AppDelegate.m */,
				DF58BC1C1ADE7AC000444315 /* ViewController.h */,
				DF58BC1D1ADE7AC000444315 /* ViewController.m */,
				DF58BC1F1ADE7AC000444315 /* Main.storyboard */,
				DF58BC221ADE7AC000444315 /* Images.xcassets */,
				DF58BC241ADE7AC000444315 /* LaunchScreen.xib */,
				DF58BC151ADE7AC000444315 /* Supporting Files */,
			);
			path = EttFrameWorkSample;
			sourceTree = "<group>";
		};
		DF58BC151ADE7AC000444315 /* Supporting Files */ = {
			isa = PBXGroup;
			children = (
				DF58BC161ADE7AC000444315 /* Info.plist */,
				DF58BC171ADE7AC000444315 /* main.m */,
				DF58BD631ADE7C9900444315 /* ProjectPch.pch */,
			);
			name = "Supporting Files";
			sourceTree = "<group>";
		};
		DF58BC2E1ADE7AC000444315 /* EttFrameWorkSampleTests */ = {
			isa = PBXGroup;
			children = (
				DF58BC311ADE7AC000444315 /* EttFrameWorkSampleTests.m */,
				DF58BC2F1ADE7AC000444315 /* Supporting Files */,
			);
			path = EttFrameWorkSampleTests;
			sourceTree = "<group>";
		};
		DF58BC2F1ADE7AC000444315 /* Supporting Files */ = {
			isa = PBXGroup;
			children = (
				DF58BC301ADE7AC000444315 /* Info.plist */,
			);
			name = "Supporting Files";
			sourceTree = "<group>";
		};
		DF58BC391ADE7B9000444315 /* EttFrameWork */ = {
			isa = PBXGroup;
			children = (
				DF58BD5A1ADE7BBD00444315 /* EttFrameWork.h */,
				DF58BC3A1ADE7B9000444315 /* Common */,
				DF58BC4E1ADE7B9000444315 /* DB */,
				DF58BC4F1ADE7B9000444315 /* Model */,
				DF58BC521ADE7B9000444315 /* Net */,
				DF58BC561ADE7B9000444315 /* OtherLib */,
				DF58BCB41ADE7B9100444315 /* OurLib */,
				DF58BCEA1ADE7B9100444315 /* Value */,
			);
			path = EttFrameWork;
			sourceTree = "<group>";
		};
		DF58BC3A1ADE7B9000444315 /* Common */ = {
			isa = PBXGroup;
			children = (
				DF58BC3B1ADE7B9000444315 /* Category */,
				DF58BC3E1ADE7B9000444315 /* EttCommon.h */,
				DF58BC3F1ADE7B9000444315 /* EttDefine.h */,
				DF58BC401ADE7B9000444315 /* EttProDefine.h */,
				DF58BC411ADE7B9000444315 /* EttUtils.h */,
				DF58BC421ADE7B9000444315 /* EttUtils.m */,
				DF58BC431ADE7B9000444315 /* Utils */,
			);
			path = Common;
			sourceTree = "<group>";
		};
		DF58BC3B1ADE7B9000444315 /* Category */ = {
			isa = PBXGroup;
			children = (
				DF58BC3C1ADE7B9000444315 /* NSString+DES.h */,
				DF58BC3D1ADE7B9000444315 /* NSString+DES.m */,
			);
			path = Category;
			sourceTree = "<group>";
		};
		DF58BC431ADE7B9000444315 /* Utils */ = {
			isa = PBXGroup;
			children = (
				DF58BC441ADE7B9000444315 /* EttDeviceUtil.h */,
				DF58BC451ADE7B9000444315 /* EttDeviceUtil.m */,
				DF58BC461ADE7B9000444315 /* EttFileUtil.h */,
				DF58BC471ADE7B9000444315 /* EttFileUtil.m */,
				DF58BC481ADE7B9000444315 /* EttImageUtil.h */,
				DF58BC491ADE7B9000444315 /* EttImageUtil.m */,
				DF58BC4A1ADE7B9000444315 /* EttSecurityUtil.h */,
				DF58BC4B1ADE7B9000444315 /* EttSecurityUtil.m */,
				DF58BC4C1ADE7B9000444315 /* EttUserDefaultUtil.h */,
				DF58BC4D1ADE7B9000444315 /* EttUserDefaultUtil.m */,
			);
			path = Utils;
			sourceTree = "<group>";
		};
		DF58BC4E1ADE7B9000444315 /* DB */ = {
			isa = PBXGroup;
			children = (
			);
			path = DB;
			sourceTree = "<group>";
		};
		DF58BC4F1ADE7B9000444315 /* Model */ = {
			isa = PBXGroup;
			children = (
				DF58BC501ADE7B9000444315 /* EttModelUtils.h */,
				DF58BC511ADE7B9000444315 /* EttModelUtils.m */,
			);
			path = Model;
			sourceTree = "<group>";
		};
		DF58BC521ADE7B9000444315 /* Net */ = {
			isa = PBXGroup;
			children = (
				DF58BC531ADE7B9000444315 /* EttHttpManager.h */,
				DF58BC541ADE7B9000444315 /* EttHttpManager.m */,
				DF58BC551ADE7B9000444315 /* EttNet.h */,
			);
			path = Net;
			sourceTree = "<group>";
		};
		DF58BC561ADE7B9000444315 /* OtherLib */ = {
			isa = PBXGroup;
			children = (
				DF58BC571ADE7B9000444315 /* Album */,
				DF58BC651ADE7B9000444315 /* DateDescription */,
				DF58BC691ADE7B9000444315 /* TQRichTextView */,
			);
			path = OtherLib;
			sourceTree = "<group>";
		};
		DF58BC571ADE7B9000444315 /* Album */ = {
			isa = PBXGroup;
			children = (
				DF58BC581ADE7B9000444315 /* backButton_h.png */,
				DF58BC591ADE7B9000444315 /* backButton_n.png */,
				DF58BC5A1ADE7B9000444315 /* edt_alarm_selected.png */,
				DF58BC5B1ADE7B9000444315 /* LYAlbumItem.h */,
				DF58BC5C1ADE7B9000444315 /* LYAlbumItem.m */,
				DF58BC5D1ADE7B9000444315 /* LYImagePickerViewController.h */,
				DF58BC5E1ADE7B9000444315 /* LYImagePickerViewController.m */,
				DF58BC5F1ADE7B9000444315 /* LYPhotoCell.h */,
				DF58BC601ADE7B9000444315 /* LYPhotoCell.m */,
				DF58BC611ADE7B9000444315 /* LYPhotoItem.h */,
				DF58BC621ADE7B9000444315 /* LYPhotoItem.m */,
				DF58BC631ADE7B9000444315 /* LYPhotosViewController.h */,
				DF58BC641ADE7B9000444315 /* LYPhotosViewController.m */,
			);
			path = Album;
			sourceTree = "<group>";
		};
		DF58BC651ADE7B9000444315 /* DateDescription */ = {
			isa = PBXGroup;
			children = (
				DF58BC661ADE7B9000444315 /* NSDate+TimeAgo.h */,
				DF58BC671ADE7B9000444315 /* NSDate+TimeAgo.m */,
				DF58BC681ADE7B9000444315 /* NSDateTimeAgo.bundle */,
			);
			path = DateDescription;
			sourceTree = "<group>";
		};
		DF58BC691ADE7B9000444315 /* TQRichTextView */ = {
			isa = PBXGroup;
			children = (
				DF58BC6A1ADE7B9000444315 /* images */,
				DF58BCAA1ADE7B9100444315 /* TQRichTextBaseRun.h */,
				DF58BCAB1ADE7B9100444315 /* TQRichTextBaseRun.m */,
				DF58BCAC1ADE7B9100444315 /* TQRichTextEmojiRun.h */,
				DF58BCAD1ADE7B9100444315 /* TQRichTextEmojiRun.m */,
				DF58BCAE1ADE7B9100444315 /* TQRichTextImageRun.h */,
				DF58BCAF1ADE7B9100444315 /* TQRichTextImageRun.m */,
				DF58BCB01ADE7B9100444315 /* TQRichTextURLRun.h */,
				DF58BCB11ADE7B9100444315 /* TQRichTextURLRun.m */,
				DF58BCB21ADE7B9100444315 /* TQRichTextView.h */,
				DF58BCB31ADE7B9100444315 /* TQRichTextView.m */,
			);
			path = TQRichTextView;
			sourceTree = "<group>";
		};
		DF58BC6A1ADE7B9000444315 /* images */ = {
			isa = PBXGroup;
			children = (
				DF58BC6B1ADE7B9000444315 /* Emotion.plist */,
				DF58BC6C1ADE7B9000444315 /* emotionImages */,
			);
			path = images;
			sourceTree = "<group>";
		};
		DF58BC6C1ADE7B9000444315 /* emotionImages */ = {
			isa = PBXGroup;
			children = (
				DF58BC6D1ADE7B9000444315 /* [ok].png */,
				DF58BC6E1ADE7B9000444315 /* [ok]@2x.png */,
				DF58BC6F1ADE7B9000444315 /* [亲亲].png */,
				DF58BC701ADE7B9000444315 /* [亲亲]@2x.png */,
				DF58BC711ADE7B9000444315 /* [傲慢].png */,
				DF58BC721ADE7B9000444315 /* [傲慢]@2x.png */,
				DF58BC731ADE7B9000444315 /* [兴奋].png */,
				DF58BC741ADE7B9000444315 /* [兴奋]@2x.png */,
				DF58BC751ADE7B9000444315 /* [再见].png */,
				DF58BC761ADE7B9000444315 /* [再见]@2x.png */,
				DF58BC771ADE7B9000444315 /* [剪刀手].png */,
				DF58BC781ADE7B9000444315 /* [剪刀手]@2x.png */,
				DF58BC791ADE7B9000444315 /* [卖萌].png */,
				DF58BC7A1ADE7B9000444315 /* [卖萌]@2x.png */,
				DF58BC7B1ADE7B9000444315 /* [可爱].png */,
				DF58BC7C1ADE7B9000444315 /* [可爱]@2x.png */,
				DF58BC7D1ADE7B9000444315 /* [呲牙].png */,
				DF58BC7E1ADE7B9000444315 /* [呲牙]@2x.png */,
				DF58BC7F1ADE7B9000444315 /* [嘚瑟].png */,
				DF58BC801ADE7B9000444315 /* [嘚瑟]@2x.png */,
				DF58BC811ADE7B9000444315 /* [囧].png */,
				DF58BC821ADE7B9000444315 /* [囧]@2x.png */,
				DF58BC831ADE7B9000444315 /* [坏笑].png */,
				DF58BC841ADE7B9000444315 /* [坏笑]@2x.png */,
				DF58BC851ADE7B9000444315 /* [大哭].png */,
				DF58BC861ADE7B9000444315 /* [大哭]@2x.png */,
				DF58BC871ADE7B9000444315 /* [大笑].png */,
				DF58BC881ADE7B9100444315 /* [大笑]@2x.png */,
				DF58BC891ADE7B9100444315 /* [委屈].png */,
				DF58BC8A1ADE7B9100444315 /* [委屈]@2x.png */,
				DF58BC8B1ADE7B9100444315 /* [害羞].png */,
				DF58BC8C1ADE7B9100444315 /* [害羞]@2x.png */,
				DF58BC8D1ADE7B9100444315 /* [打招呼].png */,
				DF58BC8E1ADE7B9100444315 /* [打招呼]@2x.png */,
				DF58BC8F1ADE7B9100444315 /* [折磨].png */,
				DF58BC901ADE7B9100444315 /* [折磨]@2x.png */,
				DF58BC911ADE7B9100444315 /* [汗].png */,
				DF58BC921ADE7B9100444315 /* [汗]@2x.png */,
				DF58BC931ADE7B9100444315 /* [疑问].png */,
				DF58BC941ADE7B9100444315 /* [疑问]@2x.png */,
				DF58BC951ADE7B9100444315 /* [眨眼].png */,
				DF58BC961ADE7B9100444315 /* [眨眼]@2x.png */,
				DF58BC971ADE7B9100444315 /* [祈祷].png */,
				DF58BC981ADE7B9100444315 /* [祈祷]@2x.png */,
				DF58BC991ADE7B9100444315 /* [纠结].png */,
				DF58BC9A1ADE7B9100444315 /* [纠结]@2x.png */,
				DF58BC9B1ADE7B9100444315 /* [色].png */,
				DF58BC9C1ADE7B9100444315 /* [色]@2x.png */,
				DF58BC9D1ADE7B9100444315 /* [调皮].png */,
				DF58BC9E1ADE7B9100444315 /* [调皮]@2x.png */,
				DF58BC9F1ADE7B9100444315 /* [酷].png */,
				DF58BCA01ADE7B9100444315 /* [酷]@2x.png */,
				DF58BCA11ADE7B9100444315 /* [难受].png */,
				DF58BCA21ADE7B9100444315 /* [难受]@2x.png */,
				DF58BCA31ADE7B9100444315 /* chatDetail_emotionDelete.png */,
				DF58BCA41ADE7B9100444315 /* chatDetail_emotionDelete@2x.png */,
				DF58BCA51ADE7B9100444315 /* chatDetail_emotionDelete_h.png */,
				DF58BCA61ADE7B9100444315 /* chatDetail_emotionDelete_h@2x.png */,
				DF58BCA71ADE7B9100444315 /* dele.png */,
				DF58BCA81ADE7B9100444315 /* postCommentEmotion@2x.png */,
				DF58BCA91ADE7B9100444315 /* postCommentEmotion@3x.png */,
			);
			path = emotionImages;
			sourceTree = "<group>";
		};
		DF58BCB41ADE7B9100444315 /* OurLib */ = {
			isa = PBXGroup;
			children = (
				DF58BCB51ADE7B9100444315 /* Easywork */,
				DF58BCE11ADE7B9100444315 /* FileCache */,
				DF58BCE41ADE7B9100444315 /* FullImage */,
				DF58BCE91ADE7B9100444315 /* OurLib.h */,
			);
			path = OurLib;
			sourceTree = "<group>";
		};
		DF58BCB51ADE7B9100444315 /* Easywork */ = {
			isa = PBXGroup;
			children = (
				DF58BCB61ADE7B9100444315 /* Category */,
				DF58BCD11ADE7B9100444315 /* EasyWork.h */,
				DF58BCD21ADE7B9100444315 /* UI */,
			);
			path = Easywork;
			sourceTree = "<group>";
		};
		DF58BCB61ADE7B9100444315 /* Category */ = {
			isa = PBXGroup;
			children = (
				DF58BCB71ADE7B9100444315 /* NSData+Extension.h */,
				DF58BCB81ADE7B9100444315 /* NSData+Extension.m */,
				DF58BCB91ADE7B9100444315 /* NSDate+Extension.h */,
				DF58BCBA1ADE7B9100444315 /* NSDate+Extension.m */,
				DF58BCBB1ADE7B9100444315 /* NSJSONSerialization+Extension.h */,
				DF58BCBC1ADE7B9100444315 /* NSJSONSerialization+Extension.m */,
				DF58BCBD1ADE7B9100444315 /* NSString+Extension.h */,
				DF58BCBE1ADE7B9100444315 /* NSString+Extension.m */,
				DF58BCBF1ADE7B9100444315 /* NSTimer+Extension.h */,
				DF58BCC01ADE7B9100444315 /* NSTimer+Extension.m */,
				DF58BCC11ADE7B9100444315 /* UIAlertView+Extension.h */,
				DF58BCC21ADE7B9100444315 /* UIAlertView+Extension.m */,
				DF58BCC31ADE7B9100444315 /* UIButton+FillColor.h */,
				DF58BCC41ADE7B9100444315 /* UIButton+FillColor.m */,
				DF58BCC51ADE7B9100444315 /* UIFont+Extension.h */,
				DF58BCC61ADE7B9100444315 /* UIFont+Extension.m */,
				DF58BCC71ADE7B9100444315 /* UINavigationController+Rotate.h */,
				DF58BCC81ADE7B9100444315 /* UINavigationController+Rotate.m */,
				DF58BCC91ADE7B9100444315 /* UITabBarController+Rotate.h */,
				DF58BCCA1ADE7B9100444315 /* UITabBarController+Rotate.m */,
				DF58BCCB1ADE7B9100444315 /* UIView+Helper.h */,
				DF58BCCC1ADE7B9100444315 /* UIView+Helper.m */,
				DF58BCCD1ADE7B9100444315 /* UIViewController+Helper.h */,
				DF58BCCE1ADE7B9100444315 /* UIViewController+Helper.m */,
				DF58BCCF1ADE7B9100444315 /* UIWebView+Extension.h */,
				DF58BCD01ADE7B9100444315 /* UIWebView+Extension.m */,
			);
			path = Category;
			sourceTree = "<group>";
		};
		DF58BCD21ADE7B9100444315 /* UI */ = {
			isa = PBXGroup;
			children = (
				DF58BCD31ADE7B9100444315 /* EWFocusView.h */,
				DF58BCD41ADE7B9100444315 /* EWFocusView.m */,
				DF58BCD51ADE7B9100444315 /* EWLabel.h */,
				DF58BCD61ADE7B9100444315 /* EWLabel.m */,
				DF58BCD71ADE7B9100444315 /* EWPhotoViewer.h */,
				DF58BCD81ADE7B9100444315 /* EWPhotoViewer.m */,
				DF58BCD91ADE7B9100444315 /* EWShareSheet.h */,
				DF58BCDA1ADE7B9100444315 /* EWShareSheet.m */,
				DF58BCDB1ADE7B9100444315 /* EWTextField.h */,
				DF58BCDC1ADE7B9100444315 /* EWTextField.m */,
				DF58BCDD1ADE7B9100444315 /* EWVideoPlayer.h */,
				DF58BCDE1ADE7B9100444315 /* EWVideoPlayer.m */,
				DF58BCDF1ADE7B9100444315 /* VerticallyAlignedLabel.h */,
				DF58BCE01ADE7B9100444315 /* VerticallyAlignedLabel.m */,
			);
			path = UI;
			sourceTree = "<group>";
		};
		DF58BCE11ADE7B9100444315 /* FileCache */ = {
			isa = PBXGroup;
			children = (
				DF58BCE21ADE7B9100444315 /* ResponseCacheManager.h */,
				DF58BCE31ADE7B9100444315 /* ResponseCacheManager.m */,
			);
			path = FileCache;
			sourceTree = "<group>";
		};
		DF58BCE41ADE7B9100444315 /* FullImage */ = {
			isa = PBXGroup;
			children = (
				DF58BCE51ADE7B9100444315 /* ScrollableFullScreenImageView.h */,
				DF58BCE61ADE7B9100444315 /* ScrollableFullScreenImageView.m */,
				DF58BCE71ADE7B9100444315 /* UIImageView+Tools.h */,
				DF58BCE81ADE7B9100444315 /* UIImageView+Tools.m */,
			);
			path = FullImage;
			sourceTree = "<group>";
		};
		DF58BCEA1ADE7B9100444315 /* Value */ = {
			isa = PBXGroup;
			children = (
				DF58BCEB1ADE7B9100444315 /* EttConstantValue.h */,
				DF58BCEC1ADE7B9100444315 /* EttValue.h */,
			);
			path = Value;
			sourceTree = "<group>";
		};
		DF58BD5B1ADE7C5A00444315 /* VC */ = {
			isa = PBXGroup;
			children = (
				DF58BD5C1ADE7C5A00444315 /* Base */,
			);
			path = VC;
			sourceTree = "<group>";
		};
		DF58BD5C1ADE7C5A00444315 /* Base */ = {
			isa = PBXGroup;
			children = (
				DF58BD5D1ADE7C5A00444315 /* EttBaseDetailViewController.h */,
				DF58BD5E1ADE7C5A00444315 /* EttBaseDetailViewController.m */,
				DF58BD5F1ADE7C5A00444315 /* EttBaseViewController.h */,
				DF58BD601ADE7C5A00444315 /* EttBaseViewController.m */,
			);
			path = Base;
			sourceTree = "<group>";
		};
/* End PBXGroup section */

/* Begin PBXNativeTarget section */
		DF58BC121ADE7AC000444315 /* EttFrameWorkSample */ = {
			isa = PBXNativeTarget;
			buildConfigurationList = DF58BC331ADE7AC000444315 /* Build configuration list for PBXNativeTarget "EttFrameWorkSample" */;
			buildPhases = (
				29417C95ED249F79EB7C9024 /* Check Pods Manifest.lock */,
				DF58BC0F1ADE7AC000444315 /* Sources */,
				DF58BC101ADE7AC000444315 /* Frameworks */,
				DF58BC111ADE7AC000444315 /* Resources */,
				79F969CBE07882AE3826D05A /* Copy Pods Resources */,
			);
			buildRules = (
			);
			dependencies = (
			);
			name = EttFrameWorkSample;
			productName = EttFrameWorkSample;
			productReference = DF58BC131ADE7AC000444315 /* EttFrameWorkSample.app */;
			productType = "com.apple.product-type.application";
		};
/* End PBXNativeTarget section */

/* Begin PBXProject section */
		DF0929AB1AD901AF00F0B788 /* Project object */ = {
			isa = PBXProject;
			attributes = {
				LastUpgradeCheck = 0620;
				ORGANIZATIONNAME = ett;
				TargetAttributes = {
					DF58BC121ADE7AC000444315 = {
						CreatedOnToolsVersion = 6.3;
					};
				};
			};
			buildConfigurationList = DF0929AE1AD901AF00F0B788 /* Build configuration list for PBXProject "EttFrameWork" */;
			compatibilityVersion = "Xcode 3.2";
			developmentRegion = English;
			hasScannedForEncodings = 0;
			knownRegions = (
				en,
				Base,
			);
			mainGroup = DF0929AA1AD901AF00F0B788;
			productRefGroup = DF0929B41AD901AF00F0B788 /* Products */;
			projectDirPath = "";
			projectRoot = "";
			targets = (
				DF58BC121ADE7AC000444315 /* EttFrameWorkSample */,
			);
		};
/* End PBXProject section */

/* Begin PBXResourcesBuildPhase section */
		DF58BC111ADE7AC000444315 /* Resources */ = {
			isa = PBXResourcesBuildPhase;
			buildActionMask = 2147483647;
			files = (
				DF58BC211ADE7AC000444315 /* Main.storyboard in Resources */,
				DF58BC261ADE7AC000444315 /* LaunchScreen.xib in Resources */,
				DF58BC231ADE7AC000444315 /* Images.xcassets in Resources */,
			);
			runOnlyForDeploymentPostprocessing = 0;
		};
/* End PBXResourcesBuildPhase section */

/* Begin PBXShellScriptBuildPhase section */
		29417C95ED249F79EB7C9024 /* Check Pods Manifest.lock */ = {
			isa = PBXShellScriptBuildPhase;
			buildActionMask = 2147483647;
			files = (
			);
			inputPaths = (
			);
			name = "Check Pods Manifest.lock";
			outputPaths = (
			);
			runOnlyForDeploymentPostprocessing = 0;
			shellPath = /bin/sh;
			shellScript = "diff \"${PODS_ROOT}/../Podfile.lock\" \"${PODS_ROOT}/Manifest.lock\" > /dev/null\nif [[ $? != 0 ]] ; then\n    cat << EOM\nerror: The sandbox is not in sync with the Podfile.lock. Run 'pod install' or update your CocoaPods installation.\nEOM\n    exit 1\nfi\n";
			showEnvVarsInLog = 0;
		};
		79F969CBE07882AE3826D05A /* Copy Pods Resources */ = {
			isa = PBXShellScriptBuildPhase;
			buildActionMask = 2147483647;
			files = (
			);
			inputPaths = (
			);
			name = "Copy Pods Resources";
			outputPaths = (
			);
			runOnlyForDeploymentPostprocessing = 0;
			shellPath = /bin/sh;
			shellScript = "\"${SRCROOT}/Pods/Target Support Files/Pods-EttFrameWorkSample/Pods-EttFrameWorkSample-resources.sh\"\n";
			showEnvVarsInLog = 0;
		};
/* End PBXShellScriptBuildPhase section */

/* Begin PBXSourcesBuildPhase section */
		DF58BC0F1ADE7AC000444315 /* Sources */ = {
			isa = PBXSourcesBuildPhase;
			buildActionMask = 2147483647;
			files = (
				DF58BC1E1ADE7AC000444315 /* ViewController.m in Sources */,
				DF58BD621ADE7C5A00444315 /* EttBaseViewController.m in Sources */,
				DF58BC1B1ADE7AC000444315 /* AppDelegate.m in Sources */,
				DF58BD611ADE7C5A00444315 /* EttBaseDetailViewController.m in Sources */,
				DF58BC181ADE7AC000444315 /* main.m in Sources */,
			);
			runOnlyForDeploymentPostprocessing = 0;
		};
/* End PBXSourcesBuildPhase section */

/* Begin PBXVariantGroup section */
		DF58BC1F1ADE7AC000444315 /* Main.storyboard */ = {
			isa = PBXVariantGroup;
			children = (
				DF58BC201ADE7AC000444315 /* Base */,
			);
			name = Main.storyboard;
			sourceTree = "<group>";
		};
		DF58BC241ADE7AC000444315 /* LaunchScreen.xib */ = {
			isa = PBXVariantGroup;
			children = (
				DF58BC251ADE7AC000444315 /* Base */,
			);
			name = LaunchScreen.xib;
			sourceTree = "<group>";
		};
/* End PBXVariantGroup section */

/* Begin XCBuildConfiguration section */
		DF0929D41AD901AF00F0B788 /* Debug */ = {
			isa = XCBuildConfiguration;
			buildSettings = {
				ALWAYS_SEARCH_USER_PATHS = NO;
				CLANG_CXX_LANGUAGE_STANDARD = "gnu++0x";
				CLANG_CXX_LIBRARY = "libc++";
				CLANG_ENABLE_MODULES = YES;
				CLANG_ENABLE_OBJC_ARC = YES;
				CLANG_WARN_BOOL_CONVERSION = YES;
				CLANG_WARN_CONSTANT_CONVERSION = YES;
				CLANG_WARN_DIRECT_OBJC_ISA_USAGE = YES_ERROR;
				CLANG_WARN_EMPTY_BODY = YES;
				CLANG_WARN_ENUM_CONVERSION = YES;
				CLANG_WARN_INT_CONVERSION = YES;
				CLANG_WARN_OBJC_ROOT_CLASS = YES_ERROR;
				CLANG_WARN_UNREACHABLE_CODE = YES;
				CLANG_WARN__DUPLICATE_METHOD_MATCH = YES;
				"CODE_SIGN_IDENTITY[sdk=iphoneos*]" = "iPhone Developer";
				COPY_PHASE_STRIP = NO;
				ENABLE_STRICT_OBJC_MSGSEND = YES;
				GCC_C_LANGUAGE_STANDARD = gnu99;
				GCC_DYNAMIC_NO_PIC = NO;
				GCC_OPTIMIZATION_LEVEL = 0;
				GCC_PREFIX_HEADER = "";
				GCC_PREPROCESSOR_DEFINITIONS = (
					"DEBUG=1",
					"$(inherited)",
				);
				GCC_SYMBOLS_PRIVATE_EXTERN = NO;
				GCC_WARN_64_TO_32_BIT_CONVERSION = YES;
				GCC_WARN_ABOUT_RETURN_TYPE = YES_ERROR;
				GCC_WARN_UNDECLARED_SELECTOR = YES;
				GCC_WARN_UNINITIALIZED_AUTOS = YES_AGGRESSIVE;
				GCC_WARN_UNUSED_FUNCTION = YES;
				GCC_WARN_UNUSED_VARIABLE = YES;
				IPHONEOS_DEPLOYMENT_TARGET = 8.2;
				MTL_ENABLE_DEBUG_INFO = YES;
				ONLY_ACTIVE_ARCH = YES;
				SDKROOT = iphoneos;
				TARGETED_DEVICE_FAMILY = "1,2";
			};
			name = Debug;
		};
		DF0929D51AD901AF00F0B788 /* Release */ = {
			isa = XCBuildConfiguration;
			buildSettings = {
				ALWAYS_SEARCH_USER_PATHS = NO;
				CLANG_CXX_LANGUAGE_STANDARD = "gnu++0x";
				CLANG_CXX_LIBRARY = "libc++";
				CLANG_ENABLE_MODULES = YES;
				CLANG_ENABLE_OBJC_ARC = YES;
				CLANG_WARN_BOOL_CONVERSION = YES;
				CLANG_WARN_CONSTANT_CONVERSION = YES;
				CLANG_WARN_DIRECT_OBJC_ISA_USAGE = YES_ERROR;
				CLANG_WARN_EMPTY_BODY = YES;
				CLANG_WARN_ENUM_CONVERSION = YES;
				CLANG_WARN_INT_CONVERSION = YES;
				CLANG_WARN_OBJC_ROOT_CLASS = YES_ERROR;
				CLANG_WARN_UNREACHABLE_CODE = YES;
				CLANG_WARN__DUPLICATE_METHOD_MATCH = YES;
				"CODE_SIGN_IDENTITY[sdk=iphoneos*]" = "iPhone Developer";
				COPY_PHASE_STRIP = NO;
				ENABLE_NS_ASSERTIONS = NO;
				ENABLE_STRICT_OBJC_MSGSEND = YES;
				GCC_C_LANGUAGE_STANDARD = gnu99;
				GCC_PREFIX_HEADER = "";
				GCC_WARN_64_TO_32_BIT_CONVERSION = YES;
				GCC_WARN_ABOUT_RETURN_TYPE = YES_ERROR;
				GCC_WARN_UNDECLARED_SELECTOR = YES;
				GCC_WARN_UNINITIALIZED_AUTOS = YES_AGGRESSIVE;
				GCC_WARN_UNUSED_FUNCTION = YES;
				GCC_WARN_UNUSED_VARIABLE = YES;
				IPHONEOS_DEPLOYMENT_TARGET = 8.2;
				MTL_ENABLE_DEBUG_INFO = NO;
				SDKROOT = iphoneos;
				TARGETED_DEVICE_FAMILY = "1,2";
				VALIDATE_PRODUCT = YES;
			};
			name = Release;
		};
		DF58BC341ADE7AC000444315 /* Debug */ = {
			isa = XCBuildConfiguration;
			baseConfigurationReference = 1136400638B347B58E750280 /* Pods-EttFrameWorkSample.debug.xcconfig */;
			buildSettings = {
				ASSETCATALOG_COMPILER_APPICON_NAME = AppIcon;
				DEBUG_INFORMATION_FORMAT = "dwarf-with-dsym";
				GCC_NO_COMMON_BLOCKS = YES;
				GCC_PREFIX_HEADER = "$(SRCROOT)/EttFrameWorkSample/ProjectPch.pch";
				GCC_PREPROCESSOR_DEFINITIONS = (
					"DEBUG=1",
					"$(inherited)",
				);
				INFOPLIST_FILE = EttFrameWorkSample/Info.plist;
				IPHONEOS_DEPLOYMENT_TARGET = 8.3;
				LD_RUNPATH_SEARCH_PATHS = "$(inherited) @executable_path/Frameworks";
				PRODUCT_NAME = "$(TARGET_NAME)";
				TARGETED_DEVICE_FAMILY = 2;
			};
			name = Debug;
		};
		DF58BC351ADE7AC000444315 /* Release */ = {
			isa = XCBuildConfiguration;
			baseConfigurationReference = D102A2542AD0C192F23E3C12 /* Pods-EttFrameWorkSample.release.xcconfig */;
			buildSettings = {
				ASSETCATALOG_COMPILER_APPICON_NAME = AppIcon;
				DEBUG_INFORMATION_FORMAT = "dwarf-with-dsym";
				GCC_NO_COMMON_BLOCKS = YES;
				GCC_PREFIX_HEADER = "$(SRCROOT)/EttFrameWorkSample/ProjectPch.pch";
				INFOPLIST_FILE = EttFrameWorkSample/Info.plist;
				IPHONEOS_DEPLOYMENT_TARGET = 8.3;
				LD_RUNPATH_SEARCH_PATHS = "$(inherited) @executable_path/Frameworks";
				PRODUCT_NAME = "$(TARGET_NAME)";
				TARGETED_DEVICE_FAMILY = 2;
			};
			name = Release;
		};
/* End XCBuildConfiguration section */

/* Begin XCConfigurationList section */
		DF0929AE1AD901AF00F0B788 /* Build configuration list for PBXProject "EttFrameWork" */ = {
			isa = XCConfigurationList;
			buildConfigurations = (
				DF0929D41AD901AF00F0B788 /* Debug */,
				DF0929D51AD901AF00F0B788 /* Release */,
			);
			defaultConfigurationIsVisible = 0;
			defaultConfigurationName = Release;
		};
		DF58BC331ADE7AC000444315 /* Build configuration list for PBXNativeTarget "EttFrameWorkSample" */ = {
			isa = XCConfigurationList;
			buildConfigurations = (
				DF58BC341ADE7AC000444315 /* Debug */,
				DF58BC351ADE7AC000444315 /* Release */,
			);
			defaultConfigurationIsVisible = 0;
			defaultConfigurationName = Release;
		};
/* End XCConfigurationList section */
	};
	rootObject = DF0929AB1AD901AF00F0B788 /* Project object */;
}
